
Microsoft Visual Studio Solution File, Format Version 12.00
# Visual Studio Version 17
VisualStudioVersion = 17.4.33213.308
MinimumVisualStudioVersion = 10.0.40219.1
Project("{FAE04EC0-301F-11D3-BF4B-00C04F79EFBC}") = "Stream_synchronization_tools", "Stream_synchronization_tools.csproj", "{2ACED7DD-E333-4CBC-86C3-547C4ADD1DDC}"
EndProject
Global
	GlobalSection(SolutionConfigurationPlatforms) = preSolution
		Debug|Any CPU = Debug|Any CPU
		Release|Any CPU = Release|Any CPU
	EndGlobalSection
	GlobalSection(ProjectConfigurationPlatforms) = postSolution
		{2ACED7DD-E333-4CBC-86C3-547C4ADD1DDC}.Debug|Any CPU.ActiveCfg = Debug|Any CPU
		{2ACED7DD-E333-4CBC-86C3-547C4ADD1DDC}.Debug|Any CPU.Build.0 = Debug|Any CPU
		{2ACED7DD-E333-4CBC-86C3-547C4ADD1DDC}.Release|Any CPU.ActiveCfg = Release|Any CPU
		{2ACED7DD-E333-4CBC-86C3-547C4ADD1DDC}.Release|Any CPU.Build.0 = Release|Any CPU
	EndGlobalSection
	GlobalSection(SolutionProperties) = preSolution
		HideSolutionNode = FALSE
	EndGlobalSection
	GlobalSection(ExtensibilityGlobals) = postSolution
		SolutionGuid = {15B2DB56-2661-4162-A7FD-4E54C6A5DE1F}
	EndGlobalSection
EndGlobal
